
Microsoft Visual Studio Solution File, Format Version 12.00
# Visual Studio Version 16
VisualStudioVersion = 16.0.32106.194
MinimumVisualStudioVersion = 10.0.40219.1
Project("{2150E333-8FDC-42A3-9474-1A3956D46DE8}") = "src", "src", "{0F8ED47A-025D-4ED1-B491-DB7D27AC8A42}"
EndProject
Project("{2150E333-8FDC-42A3-9474-1A3956D46DE8}") = "Building Blocks", "Building Blocks", "{66D972D1-710B-4B6E-9D8B-4519859FFF82}"
EndProject
Project("{2150E333-8FDC-42A3-9474-1A3956D46DE8}") = "Services", "Services", "{3DC949F5-608F-4847-90E9-D97FA67D86D0}"
EndProject
Project("{2150E333-8FDC-42A3-9474-1A3956D46DE8}") = "Web", "Web", "{DEC6D44D-3284-4E4A-ABE2-4A7D64017A21}"
EndProject
Project("{2150E333-8FDC-42A3-9474-1A3956D46DE8}") = "Identidade", "Identidade", "{AA0394AC-FFF7-4161-93F9-6F32B2A0D682}"
EndProject
Project("{FAE04EC0-301F-11D3-BF4B-00C04F79EFBC}") = "NSE.Identidade.API", "src\services\NSE.Identidade.API\NSE.Identidade.API.csproj", "{204588AF-813B-4056-829E-BC9832166799}"
EndProject
Project("{2150E333-8FDC-42A3-9474-1A3956D46DE8}") = "MVC", "MVC", "{69B38057-43C1-4B85-9A3E-B333D8012E60}"
EndProject
Project("{FAE04EC0-301F-11D3-BF4B-00C04F79EFBC}") = "NSE.WebApp.MVC", "src\web\NSE.WebApp.MVC\NSE.WebApp.MVC.csproj", "{66B649B7-9888-4A7E-99A8-F9C6290BD2B8}"
EndProject
Project("{2150E333-8FDC-42A3-9474-1A3956D46DE8}") = "Core", "Core", "{F4886238-5EA3-42A3-8A37-69A5A16343CA}"
EndProject
Project("{FAE04EC0-301F-11D3-BF4B-00C04F79EFBC}") = "NSE.Core", "src\building blocks\NSE.Core\NSE.Core.csproj", "{F6AFE4DE-FAD3-4B5A-BE10-643E16ED6C4A}"
EndProject
Project("{2150E333-8FDC-42A3-9474-1A3956D46DE8}") = "Carrinho", "Carrinho", "{7B48BA88-DB77-4955-A43D-3226951A9953}"
EndProject
Project("{FAE04EC0-301F-11D3-BF4B-00C04F79EFBC}") = "NSE.Carrinho.API", "src\services\NSE.Carrinho.API\NSE.Carrinho.API.csproj", "{65CA11DA-31EA-4216-B2E7-C401ADF581E6}"
EndProject
Project("{2150E333-8FDC-42A3-9474-1A3956D46DE8}") = "Catalogo", "Catalogo", "{AC2C5C7B-9A0B-433A-A6EE-424E54A4B95D}"
EndProject
Project("{FAE04EC0-301F-11D3-BF4B-00C04F79EFBC}") = "NSE.Catalogo.API", "src\services\NSE.Catalogo.API\NSE.Catalogo.API.csproj", "{019FF7EE-136D-4042-B3CE-C998F0946603}"
EndProject
Project("{2150E333-8FDC-42A3-9474-1A3956D46DE8}") = "Cliente", "Cliente", "{3307F7B7-4E2F-4D85-A270-FAA8A0E5DBA6}"
EndProject
Project("{FAE04EC0-301F-11D3-BF4B-00C04F79EFBC}") = "NSE.Cliente.API", "src\services\NSE.Cliente.API\NSE.Cliente.API.csproj", "{1585FEC3-3497-4059-988A-3A20AC97178B}"
EndProject
Project("{2150E333-8FDC-42A3-9474-1A3956D46DE8}") = "Pagamento", "Pagamento", "{31909558-FB7F-4389-BBAA-4686C6E202DF}"
EndProject
Project("{2150E333-8FDC-42A3-9474-1A3956D46DE8}") = "Pedido", "Pedido", "{6E6C0A1D-C083-45CC-AD7D-78F509B5E448}"
EndProject
Project("{FAE04EC0-301F-11D3-BF4B-00C04F79EFBC}") = "NSE.Pagamento", "src\services\NSE.Pagamento\NSE.Pagamento.csproj", "{C2ED5746-3B38-44CB-8687-A0B94C19250A}"
EndProject
Project("{FAE04EC0-301F-11D3-BF4B-00C04F79EFBC}") = "NSE.Pedido.API", "src\services\NSE.Pedido.API\NSE.Pedido.API.csproj", "{1E99116F-EEE0-4C68-A61E-F97378D5AD40}"
EndProject
Global
	GlobalSection(SolutionConfigurationPlatforms) = preSolution
		Debug|Any CPU = Debug|Any CPU
		Release|Any CPU = Release|Any CPU
	EndGlobalSection
	GlobalSection(ProjectConfigurationPlatforms) = postSolution
		{204588AF-813B-4056-829E-BC9832166799}.Debug|Any CPU.ActiveCfg = Debug|Any CPU
		{204588AF-813B-4056-829E-BC9832166799}.Debug|Any CPU.Build.0 = Debug|Any CPU
		{204588AF-813B-4056-829E-BC9832166799}.Release|Any CPU.ActiveCfg = Release|Any CPU
		{204588AF-813B-4056-829E-BC9832166799}.Release|Any CPU.Build.0 = Release|Any CPU
		{66B649B7-9888-4A7E-99A8-F9C6290BD2B8}.Debug|Any CPU.ActiveCfg = Debug|Any CPU
		{66B649B7-9888-4A7E-99A8-F9C6290BD2B8}.Debug|Any CPU.Build.0 = Debug|Any CPU
		{66B649B7-9888-4A7E-99A8-F9C6290BD2B8}.Release|Any CPU.ActiveCfg = Release|Any CPU
		{66B649B7-9888-4A7E-99A8-F9C6290BD2B8}.Release|Any CPU.Build.0 = Release|Any CPU
		{F6AFE4DE-FAD3-4B5A-BE10-643E16ED6C4A}.Debug|Any CPU.ActiveCfg = Debug|Any CPU
		{F6AFE4DE-FAD3-4B5A-BE10-643E16ED6C4A}.Debug|Any CPU.Build.0 = Debug|Any CPU
		{F6AFE4DE-FAD3-4B5A-BE10-643E16ED6C4A}.Release|Any CPU.ActiveCfg = Release|Any CPU
		{F6AFE4DE-FAD3-4B5A-BE10-643E16ED6C4A}.Release|Any CPU.Build.0 = Release|Any CPU
		{65CA11DA-31EA-4216-B2E7-C401ADF581E6}.Debug|Any CPU.ActiveCfg = Debug|Any CPU
		{65CA11DA-31EA-4216-B2E7-C401ADF581E6}.Debug|Any CPU.Build.0 = Debug|Any CPU
		{65CA11DA-31EA-4216-B2E7-C401ADF581E6}.Release|Any CPU.ActiveCfg = Release|Any CPU
		{65CA11DA-31EA-4216-B2E7-C401ADF581E6}.Release|Any CPU.Build.0 = Release|Any CPU
		{019FF7EE-136D-4042-B3CE-C998F0946603}.Debug|Any CPU.ActiveCfg = Debug|Any CPU
		{019FF7EE-136D-4042-B3CE-C998F0946603}.Debug|Any CPU.Build.0 = Debug|Any CPU
		{019FF7EE-136D-4042-B3CE-C998F0946603}.Release|Any CPU.ActiveCfg = Release|Any CPU
		{019FF7EE-136D-4042-B3CE-C998F0946603}.Release|Any CPU.Build.0 = Release|Any CPU
		{1585FEC3-3497-4059-988A-3A20AC97178B}.Debug|Any CPU.ActiveCfg = Debug|Any CPU
		{1585FEC3-3497-4059-988A-3A20AC97178B}.Debug|Any CPU.Build.0 = Debug|Any CPU
		{1585FEC3-3497-4059-988A-3A20AC97178B}.Release|Any CPU.ActiveCfg = Release|Any CPU
		{1585FEC3-3497-4059-988A-3A20AC97178B}.Release|Any CPU.Build.0 = Release|Any CPU
		{C2ED5746-3B38-44CB-8687-A0B94C19250A}.Debug|Any CPU.ActiveCfg = Debug|Any CPU
		{C2ED5746-3B38-44CB-8687-A0B94C19250A}.Debug|Any CPU.Build.0 = Debug|Any CPU
		{C2ED5746-3B38-44CB-8687-A0B94C19250A}.Release|Any CPU.ActiveCfg = Release|Any CPU
		{C2ED5746-3B38-44CB-8687-A0B94C19250A}.Release|Any CPU.Build.0 = Release|Any CPU
		{1E99116F-EEE0-4C68-A61E-F97378D5AD40}.Debug|Any CPU.ActiveCfg = Debug|Any CPU
		{1E99116F-EEE0-4C68-A61E-F97378D5AD40}.Debug|Any CPU.Build.0 = Debug|Any CPU
		{1E99116F-EEE0-4C68-A61E-F97378D5AD40}.Release|Any CPU.ActiveCfg = Release|Any CPU
		{1E99116F-EEE0-4C68-A61E-F97378D5AD40}.Release|Any CPU.Build.0 = Release|Any CPU
	EndGlobalSection
	GlobalSection(SolutionProperties) = preSolution
		HideSolutionNode = FALSE
	EndGlobalSection
	GlobalSection(NestedProjects) = preSolution
		{66D972D1-710B-4B6E-9D8B-4519859FFF82} = {0F8ED47A-025D-4ED1-B491-DB7D27AC8A42}
		{3DC949F5-608F-4847-90E9-D97FA67D86D0} = {0F8ED47A-025D-4ED1-B491-DB7D27AC8A42}
		{DEC6D44D-3284-4E4A-ABE2-4A7D64017A21} = {0F8ED47A-025D-4ED1-B491-DB7D27AC8A42}
		{AA0394AC-FFF7-4161-93F9-6F32B2A0D682} = {3DC949F5-608F-4847-90E9-D97FA67D86D0}
		{204588AF-813B-4056-829E-BC9832166799} = {AA0394AC-FFF7-4161-93F9-6F32B2A0D682}
		{69B38057-43C1-4B85-9A3E-B333D8012E60} = {DEC6D44D-3284-4E4A-ABE2-4A7D64017A21}
		{66B649B7-9888-4A7E-99A8-F9C6290BD2B8} = {69B38057-43C1-4B85-9A3E-B333D8012E60}
		{F4886238-5EA3-42A3-8A37-69A5A16343CA} = {66D972D1-710B-4B6E-9D8B-4519859FFF82}
		{F6AFE4DE-FAD3-4B5A-BE10-643E16ED6C4A} = {F4886238-5EA3-42A3-8A37-69A5A16343CA}
		{7B48BA88-DB77-4955-A43D-3226951A9953} = {3DC949F5-608F-4847-90E9-D97FA67D86D0}
		{65CA11DA-31EA-4216-B2E7-C401ADF581E6} = {7B48BA88-DB77-4955-A43D-3226951A9953}
		{AC2C5C7B-9A0B-433A-A6EE-424E54A4B95D} = {3DC949F5-608F-4847-90E9-D97FA67D86D0}
		{019FF7EE-136D-4042-B3CE-C998F0946603} = {AC2C5C7B-9A0B-433A-A6EE-424E54A4B95D}
		{3307F7B7-4E2F-4D85-A270-FAA8A0E5DBA6} = {3DC949F5-608F-4847-90E9-D97FA67D86D0}
		{1585FEC3-3497-4059-988A-3A20AC97178B} = {3307F7B7-4E2F-4D85-A270-FAA8A0E5DBA6}
		{31909558-FB7F-4389-BBAA-4686C6E202DF} = {3DC949F5-608F-4847-90E9-D97FA67D86D0}
		{6E6C0A1D-C083-45CC-AD7D-78F509B5E448} = {3DC949F5-608F-4847-90E9-D97FA67D86D0}
		{C2ED5746-3B38-44CB-8687-A0B94C19250A} = {31909558-FB7F-4389-BBAA-4686C6E202DF}
		{1E99116F-EEE0-4C68-A61E-F97378D5AD40} = {6E6C0A1D-C083-45CC-AD7D-78F509B5E448}
	EndGlobalSection
	GlobalSection(ExtensibilityGlobals) = postSolution
		SolutionGuid = {E689EBFF-A4AA-42FB-8731-0B8D4E570768}
	EndGlobalSection
EndGlobal
